{
  "pins" : [
    {
      "identity" : "imagepickerwrapper",
      "kind" : "remoteSourceControl",
      "location" : "https://github.com/nevgauker/imagePickerWrapper",
      "state" : {
        "branch" : "main",
        "revision" : "efcfd6f486e09ff4071947985ec184c07e001da8"
      }
    }
  ],
  "version" : 2
}
